
Microsoft Visual Studio Solution File, Format Version 12.00
# Visual Studio Version 16
VisualStudioVersion = 16.0.30503.244
MinimumVisualStudioVersion = 10.0.40219.1
Project("{FAE04EC0-301F-11D3-BF4B-00C04F79EFBC}") = "Part 7 Forms", "Part 7 Forms\Part 7 Forms.csproj", "{2886C154-6ECE-439A-B356-AE0231ED06CC}"
EndProject
Global
	GlobalSection(SolutionConfigurationPlatforms) = preSolution
		Debug|Any CPU = Debug|Any CPU
		Release|Any CPU = Release|Any CPU
	EndGlobalSection
	GlobalSection(ProjectConfigurationPlatforms) = postSolution
		{2886C154-6ECE-439A-B356-AE0231ED06CC}.Debug|Any CPU.ActiveCfg = Debug|Any CPU
		{2886C154-6ECE-439A-B356-AE0231ED06CC}.Debug|Any CPU.Build.0 = Debug|Any CPU
		{2886C154-6ECE-439A-B356-AE0231ED06CC}.Release|Any CPU.ActiveCfg = Release|Any CPU
		{2886C154-6ECE-439A-B356-AE0231ED06CC}.Release|Any CPU.Build.0 = Release|Any CPU
	EndGlobalSection
	GlobalSection(SolutionProperties) = preSolution
		HideSolutionNode = FALSE
	EndGlobalSection
	GlobalSection(ExtensibilityGlobals) = postSolution
		SolutionGuid = {CC82C354-9A53-4C40-9EE2-90B89E973596}
	EndGlobalSection
EndGlobal
